
Microsoft Visual Studio Solution File, Format Version 12.00
# Visual Studio 15
VisualStudioVersion = 15.0.28307.136
MinimumVisualStudioVersion = 10.0.40219.1
Project("{8BC9CEB8-8B4A-11D0-8D11-00A0C91BC942}") = "DataBaseProject", "DataBaseProject\DataBaseProject.vcxproj", "{A5433D5A-37EA-4B53-B426-623EC97D8D95}"
EndProject
Global
	GlobalSection(SolutionConfigurationPlatforms) = preSolution
		Debug|x64 = Debug|x64
		Debug|x86 = Debug|x86
		Release|x64 = Release|x64
		Release|x86 = Release|x86
	EndGlobalSection
	GlobalSection(ProjectConfigurationPlatforms) = postSolution
		{A5433D5A-37EA-4B53-B426-623EC97D8D95}.Debug|x64.ActiveCfg = Debug|x64
		{A5433D5A-37EA-4B53-B426-623EC97D8D95}.Debug|x64.Build.0 = Debug|x64
		{A5433D5A-37EA-4B53-B426-623EC97D8D95}.Debug|x86.ActiveCfg = Debug|Win32
		{A5433D5A-37EA-4B53-B426-623EC97D8D95}.Debug|x86.Build.0 = Debug|Win32
		{A5433D5A-37EA-4B53-B426-623EC97D8D95}.Release|x64.ActiveCfg = Release|x64
		{A5433D5A-37EA-4B53-B426-623EC97D8D95}.Release|x64.Build.0 = Release|x64
		{A5433D5A-37EA-4B53-B426-623EC97D8D95}.Release|x86.ActiveCfg = Release|Win32
		{A5433D5A-37EA-4B53-B426-623EC97D8D95}.Release|x86.Build.0 = Release|Win32
	EndGlobalSection
	GlobalSection(SolutionProperties) = preSolution
		HideSolutionNode = FALSE
	EndGlobalSection
	GlobalSection(ExtensibilityGlobals) = postSolution
		SolutionGuid = {9A087D11-8E26-4402-A591-E62299D1A32E}
	EndGlobalSection
EndGlobal
